
Microsoft Visual Studio Solution File, Format Version 12.00
# Visual Studio Version 17
VisualStudioVersion = 17.9.34607.119
MinimumVisualStudioVersion = 10.0.40219.1
Project("{FAE04EC0-301F-11D3-BF4B-00C04F79EFBC}") = "waterfall_app", "waterfall_app\waterfall_app.csproj", "{BC57E142-AC22-4EE0-B14E-E367E744E78D}"
EndProject
Global
	GlobalSection(SolutionConfigurationPlatforms) = preSolution
		Debug|Any CPU = Debug|Any CPU
		Release|Any CPU = Release|Any CPU
	EndGlobalSection
	GlobalSection(ProjectConfigurationPlatforms) = postSolution
		{BC57E142-AC22-4EE0-B14E-E367E744E78D}.Debug|Any CPU.ActiveCfg = Debug|Any CPU
		{BC57E142-AC22-4EE0-B14E-E367E744E78D}.Debug|Any CPU.Build.0 = Debug|Any CPU
		{BC57E142-AC22-4EE0-B14E-E367E744E78D}.Release|Any CPU.ActiveCfg = Release|Any CPU
		{BC57E142-AC22-4EE0-B14E-E367E744E78D}.Release|Any CPU.Build.0 = Release|Any CPU
	EndGlobalSection
	GlobalSection(SolutionProperties) = preSolution
		HideSolutionNode = FALSE
	EndGlobalSection
	GlobalSection(ExtensibilityGlobals) = postSolution
		SolutionGuid = {85EFC04A-AD49-499C-8FFA-85EE60598A00}
	EndGlobalSection
EndGlobal
